# This file is autogenerated, do not edit; changes may be undone by the next 'dep ensure'.


[[projects]]
  name = "github.com/gorilla/handlers"
  packages = ["."]
  revision = "90663712d74cb411cbef281bc1e08c19d1a76145"
  version = "v1.3.0"

[solve-meta]
  analyzer-name = "dep"
  analyzer-version = 1
  inputs-digest = "e0f327eebe038dd05a7e2d0231d915e4753f039e3f6af089753d17bed6c5cbc5"
  solver-name = "gps-cdcl"
  solver-version = 1
